// !$*UTF8*$!
{
	archiveVersion = 1;
	classes = {
	};
	objectVersion = 46;
	objects = {

/* Begin PBXBuildFile section */
		912436C31BC7291E00079D48 /* main.m in Sources */ = {isa = PBXBuildFile; fileRef = 912436C21BC7291E00079D48 /* main.m */; };
		912436CB1BC7292E00079D48 /* BNRStockHolding.m in Sources */ = {isa = PBXBuildFile; fileRef = 912436CA1BC7292E00079D48 /* BNRStockHolding.m */; settings = {ASSET_TAGS = (); }; };
		912436D11BC7389400079D48 /* BNRForeignStockHolding.m in Sources */ = {isa = PBXBuildFile; fileRef = 912436D01BC7389400079D48 /* BNRForeignStockHolding.m */; settings = {ASSET_TAGS = (); }; };
		912436D71BC8692A00079D48 /* BNRPortfolio.m in Sources */ = {isa = PBXBuildFile; fileRef = 912436D61BC8692A00079D48 /* BNRPortfolio.m */; settings = {ASSET_TAGS = (); }; };
/* End PBXBuildFile section */

/* Begin PBXCopyFilesBuildPhase section */
		912436BD1BC7291E00079D48 /* CopyFiles */ = {
			isa = PBXCopyFilesBuildPhase;
			buildActionMask = 2147483647;
			dstPath = /usr/share/man/man1/;
			dstSubfolderSpec = 0;
			files = (
			);
			runOnlyForDeploymentPostprocessing = 1;
		};
/* End PBXCopyFilesBuildPhase section */

/* Begin PBXFileReference section */
		912436BF1BC7291E00079D48 /* Stocks */ = {isa = PBXFileReference; explicitFileType = "compiled.mach-o.executable"; includeInIndex = 0; path = Stocks; sourceTree = BUILT_PRODUCTS_DIR; };
		912436C21BC7291E00079D48 /* main.m */ = {isa = PBXFileReference; lastKnownFileType = sourcecode.c.objc; path = main.m; sourceTree = "<group>"; };
		912436C91BC7292E00079D48 /* BNRStockHolding.h */ = {isa = PBXFileReference; fileEncoding = 4; lastKnownFileType = sourcecode.c.h; name = BNRStockHolding.h; path = ../BNRStockHolding.h; sourceTree = "<group>"; };
		912436CA1BC7292E00079D48 /* BNRStockHolding.m */ = {isa = PBXFileReference; fileEncoding = 4; lastKnownFileType = sourcecode.c.objc; name = BNRStockHolding.m; path = ../BNRStockHolding.m; sourceTree = "<group>"; };
		912436CF1BC7389400079D48 /* BNRForeignStockHolding.h */ = {isa = PBXFileReference; fileEncoding = 4; lastKnownFileType = sourcecode.c.h; name = BNRForeignStockHolding.h; path = ../BNRForeignStockHolding.h; sourceTree = "<group>"; };
		912436D01BC7389400079D48 /* BNRForeignStockHolding.m */ = {isa = PBXFileReference; fileEncoding = 4; lastKnownFileType = sourcecode.c.objc; name = BNRForeignStockHolding.m; path = ../BNRForeignStockHolding.m; sourceTree = "<group>"; };
		912436D51BC8692A00079D48 /* BNRPortfolio.h */ = {isa = PBXFileReference; fileEncoding = 4; lastKnownFileType = sourcecode.c.h; path = BNRPortfolio.h; sourceTree = "<group>"; };
		912436D61BC8692A00079D48 /* BNRPortfolio.m */ = {isa = PBXFileReference; fileEncoding = 4; lastKnownFileType = sourcecode.c.objc; path = BNRPortfolio.m; sourceTree = "<group>"; };
/* End PBXFileReference section */

/* Begin PBXFrameworksBuildPhase section */
		912436BC1BC7291E00079D48 /* Frameworks */ = {
			isa = PBXFrameworksBuildPhase;
			buildActionMask = 2147483647;
			files = (
			);
			runOnlyForDeploymentPostprocessing = 0;
		};
/* End PBXFrameworksBuildPhase section */

/* Begin PBXGroup section */
		912436B61BC7291E00079D48 = {
			isa = PBXGroup;
			children = (
				912436C11BC7291E00079D48 /* Stocks */,
				912436C01BC7291E00079D48 /* Products */,
			);
			sourceTree = "<group>";
		};
		912436C01BC7291E00079D48 /* Products */ = {
			isa = PBXGroup;
			children = (
				912436BF1BC7291E00079D48 /* Stocks */,
			);
			name = Products;
			sourceTree = "<group>";
		};
		912436C11BC7291E00079D48 /* Stocks */ = {
			isa = PBXGroup;
			children = (
				912436C91BC7292E00079D48 /* BNRStockHolding.h */,
				912436CA1BC7292E00079D48 /* BNRStockHolding.m */,
				912436CF1BC7389400079D48 /* BNRForeignStockHolding.h */,
				912436D01BC7389400079D48 /* BNRForeignStockHolding.m */,
				912436D51BC8692A00079D48 /* BNRPortfolio.h */,
				912436D61BC8692A00079D48 /* BNRPortfolio.m */,
				912436C21BC7291E00079D48 /* main.m */,
			);
			path = Stocks;
			sourceTree = "<group>";
		};
/* End PBXGroup section */

/* Begin PBXNativeTarget section */
		912436BE1BC7291E00079D48 /* Stocks */ = {
			isa = PBXNativeTarget;
			buildConfigurationList = 912436C61BC7291E00079D48 /* Build configuration list for PBXNativeTarget "Stocks" */;
			buildPhases = (
				912436BB1BC7291E00079D48 /* Sources */,
				912436BC1BC7291E00079D48 /* Frameworks */,
				912436BD1BC7291E00079D48 /* CopyFiles */,
			);
			buildRules = (
			);
			dependencies = (
			);
			name = Stocks;
			productName = Stocks;
			productReference = 912436BF1BC7291E00079D48 /* Stocks */;
			productType = "com.apple.product-type.tool";
		};
/* End PBXNativeTarget section */

/* Begin PBXProject section */
		912436B71BC7291E00079D48 /* Project object */ = {
			isa = PBXProject;
			attributes = {
				LastUpgradeCheck = 0700;
				ORGANIZATIONNAME = "Big Nerd Ranch";
				TargetAttributes = {
					912436BE1BC7291E00079D48 = {
						CreatedOnToolsVersion = 7.0.1;
					};
				};
			};
			buildConfigurationList = 912436BA1BC7291E00079D48 /* Build configuration list for PBXProject "Stocks" */;
			compatibilityVersion = "Xcode 3.2";
			developmentRegion = English;
			hasScannedForEncodings = 0;
			knownRegions = (
				en,
			);
			mainGroup = 912436B61BC7291E00079D48;
			productRefGroup = 912436C01BC7291E00079D48 /* Products */;
			projectDirPath = "";
			projectRoot = "";
			targets = (
				912436BE1BC7291E00079D48 /* Stocks */,
			);
		};
/* End PBXProject section */

/* Begin PBXSourcesBuildPhase section */
		912436BB1BC7291E00079D48 /* Sources */ = {
			isa = PBXSourcesBuildPhase;
			buildActionMask = 2147483647;
			files = (
				912436D11BC7389400079D48 /* BNRForeignStockHolding.m in Sources */,
				912436D71BC8692A00079D48 /* BNRPortfolio.m in Sources */,
				912436C31BC7291E00079D48 /* main.m in Sources */,
				912436CB1BC7292E00079D48 /* BNRStockHolding.m in Sources */,
			);
			runOnlyForDeploymentPostprocessing = 0;
		};
/* End PBXSourcesBuildPhase section */

/* Begin XCBuildConfiguration section */
		912436C41BC7291E00079D48 /* Debug */ = {
			isa = XCBuildConfiguration;
			buildSettings = {
				ALWAYS_SEARCH_USER_PATHS = NO;
				CLANG_CXX_LANGUAGE_STANDARD = "gnu++0x";
				CLANG_CXX_LIBRARY = "libc++";
				CLANG_ENABLE_MODULES = YES;
				CLANG_ENABLE_OBJC_ARC = YES;
				CLANG_WARN_BOOL_CONVERSION = YES;
				CLANG_WARN_CONSTANT_CONVERSION = YES;
				CLANG_WARN_DIRECT_OBJC_ISA_USAGE = YES_ERROR;
				CLANG_WARN_EMPTY_BODY = YES;
				CLANG_WARN_ENUM_CONVERSION = YES;
				CLANG_WARN_INT_CONVERSION = YES;
				CLANG_WARN_OBJC_ROOT_CLASS = YES_ERROR;
				CLANG_WARN_UNREACHABLE_CODE = YES;
				CLANG_WARN__DUPLICATE_METHOD_MATCH = YES;
				COPY_PHASE_STRIP = NO;
				DEBUG_INFORMATION_FORMAT = dwarf;
				ENABLE_STRICT_OBJC_MSGSEND = YES;
				ENABLE_TESTABILITY = YES;
				GCC_C_LANGUAGE_STANDARD = gnu99;
				GCC_DYNAMIC_NO_PIC = NO;
				GCC_NO_COMMON_BLOCKS = YES;
				GCC_OPTIMIZATION_LEVEL = 0;
				GCC_PREPROCESSOR_DEFINITIONS = (
					"DEBUG=1",
					"$(inherited)",
				);
				GCC_WARN_64_TO_32_BIT_CONVERSION = YES;
				GCC_WARN_ABOUT_RETURN_TYPE = YES_ERROR;
				GCC_WARN_UNDECLARED_SELECTOR = YES;
				GCC_WARN_UNINITIALIZED_AUTOS = YES_AGGRESSIVE;
				GCC_WARN_UNUSED_FUNCTION = YES;
				GCC_WARN_UNUSED_VARIABLE = YES;
				MACOSX_DEPLOYMENT_TARGET = 10.11;
				MTL_ENABLE_DEBUG_INFO = YES;
				ONLY_ACTIVE_ARCH = YES;
				SDKROOT = macosx;
			};
			name = Debug;
		};
		912436C51BC7291E00079D48 /* Release */ = {
			isa = XCBuildConfiguration;
			buildSettings = {
				ALWAYS_SEARCH_USER_PATHS = NO;
				CLANG_CXX_LANGUAGE_STANDARD = "gnu++0x";
				CLANG_CXX_LIBRARY = "libc++";
				CLANG_ENABLE_MODULES = YES;
				CLANG_ENABLE_OBJC_ARC = YES;
				CLANG_WARN_BOOL_CONVERSION = YES;
				CLANG_WARN_CONSTANT_CONVERSION = YES;
				CLANG_WARN_DIRECT_OBJC_ISA_USAGE = YES_ERROR;
				CLANG_WARN_EMPTY_BODY = YES;
				CLANG_WARN_ENUM_CONVERSION = YES;
				CLANG_WARN_INT_CONVERSION = YES;
				CLANG_WARN_OBJC_ROOT_CLASS = YES_ERROR;
				CLANG_WARN_UNREACHABLE_CODE = YES;
				CLANG_WARN__DUPLICATE_METHOD_MATCH = YES;
				COPY_PHASE_STRIP = NO;
				DEBUG_INFORMATION_FORMAT = "dwarf-with-dsym";
				ENABLE_NS_ASSERTIONS = NO;
				ENABLE_STRICT_OBJC_MSGSEND = YES;
				GCC_C_LANGUAGE_STANDARD = gnu99;
				GCC_NO_COMMON_BLOCKS = YES;
				GCC_WARN_64_TO_32_BIT_CONVERSION = YES;
				GCC_WARN_ABOUT_RETURN_TYPE = YES_ERROR;
				GCC_WARN_UNDECLARED_SELECTOR = YES;
				GCC_WARN_UNINITIALIZED_AUTOS = YES_AGGRESSIVE;
				GCC_WARN_UNUSED_FUNCTION = YES;
				GCC_WARN_UNUSED_VARIABLE = YES;
				MACOSX_DEPLOYMENT_TARGET = 10.11;
				MTL_ENABLE_DEBUG_INFO = NO;
				SDKROOT = macosx;
			};
			name = Release;
		};
		912436C71BC7291E00079D48 /* Debug */ = {
			isa = XCBuildConfiguration;
			buildSettings = {
				PRODUCT_NAME = "$(TARGET_NAME)";
			};
			name = Debug;
		};
		912436C81BC7291E00079D48 /* Release */ = {
			isa = XCBuildConfiguration;
			buildSettings = {
				PRODUCT_NAME = "$(TARGET_NAME)";
			};
			name = Release;
		};
/* End XCBuildConfiguration section */

/* Begin XCConfigurationList section */
		912436BA1BC7291E00079D48 /* Build configuration list for PBXProject "Stocks" */ = {
			isa = XCConfigurationList;
			buildConfigurations = (
				912436C41BC7291E00079D48 /* Debug */,
				912436C51BC7291E00079D48 /* Release */,
			);
			defaultConfigurationIsVisible = 0;
			defaultConfigurationName = Release;
		};
		912436C61BC7291E00079D48 /* Build configuration list for PBXNativeTarget "Stocks" */ = {
			isa = XCConfigurationList;
			buildConfigurations = (
				912436C71BC7291E00079D48 /* Debug */,
				912436C81BC7291E00079D48 /* Release */,
			);
			defaultConfigurationIsVisible = 0;
			defaultConfigurationName = Release;
		};
/* End XCConfigurationList section */
	};
	rootObject = 912436B71BC7291E00079D48 /* Project object */;
}
