// !$*UTF8*$!
{
	archiveVersion = 1;
	classes = {
	};
	objectVersion = 46;
	objects = {

/* Begin PBXBuildFile section */
		9124380C1BD0292500079D48 /* main.m in Sources */ = {isa = PBXBuildFile; fileRef = 9124380B1BD0292500079D48 /* main.m */; };
		912438141BD0295E00079D48 /* NSData+BNRSpeakableHex.m in Sources */ = {isa = PBXBuildFile; fileRef = 912438131BD0295E00079D48 /* NSData+BNRSpeakableHex.m */; settings = {ASSET_TAGS = (); }; };
/* End PBXBuildFile section */

/* Begin PBXCopyFilesBuildPhase section */
		912438061BD0292500079D48 /* CopyFiles */ = {
			isa = PBXCopyFilesBuildPhase;
			buildActionMask = 2147483647;
			dstPath = /usr/share/man/man1/;
			dstSubfolderSpec = 0;
			files = (
			);
			runOnlyForDeploymentPostprocessing = 1;
		};
/* End PBXCopyFilesBuildPhase section */

/* Begin PBXFileReference section */
		912438081BD0292500079D48 /* SpeakableHex */ = {isa = PBXFileReference; explicitFileType = "compiled.mach-o.executable"; includeInIndex = 0; path = SpeakableHex; sourceTree = BUILT_PRODUCTS_DIR; };
		9124380B1BD0292500079D48 /* main.m */ = {isa = PBXFileReference; lastKnownFileType = sourcecode.c.objc; path = main.m; sourceTree = "<group>"; };
		912438121BD0295E00079D48 /* NSData+BNRSpeakableHex.h */ = {isa = PBXFileReference; fileEncoding = 4; lastKnownFileType = sourcecode.c.h; path = "NSData+BNRSpeakableHex.h"; sourceTree = "<group>"; };
		912438131BD0295E00079D48 /* NSData+BNRSpeakableHex.m */ = {isa = PBXFileReference; fileEncoding = 4; lastKnownFileType = sourcecode.c.objc; path = "NSData+BNRSpeakableHex.m"; sourceTree = "<group>"; };
/* End PBXFileReference section */

/* Begin PBXFrameworksBuildPhase section */
		912438051BD0292500079D48 /* Frameworks */ = {
			isa = PBXFrameworksBuildPhase;
			buildActionMask = 2147483647;
			files = (
			);
			runOnlyForDeploymentPostprocessing = 0;
		};
/* End PBXFrameworksBuildPhase section */

/* Begin PBXGroup section */
		912437FF1BD0292500079D48 = {
			isa = PBXGroup;
			children = (
				9124380A1BD0292500079D48 /* SpeakableHex */,
				912438091BD0292500079D48 /* Products */,
			);
			sourceTree = "<group>";
		};
		912438091BD0292500079D48 /* Products */ = {
			isa = PBXGroup;
			children = (
				912438081BD0292500079D48 /* SpeakableHex */,
			);
			name = Products;
			sourceTree = "<group>";
		};
		9124380A1BD0292500079D48 /* SpeakableHex */ = {
			isa = PBXGroup;
			children = (
				9124380B1BD0292500079D48 /* main.m */,
				912438121BD0295E00079D48 /* NSData+BNRSpeakableHex.h */,
				912438131BD0295E00079D48 /* NSData+BNRSpeakableHex.m */,
			);
			path = SpeakableHex;
			sourceTree = "<group>";
		};
/* End PBXGroup section */

/* Begin PBXNativeTarget section */
		912438071BD0292500079D48 /* SpeakableHex */ = {
			isa = PBXNativeTarget;
			buildConfigurationList = 9124380F1BD0292500079D48 /* Build configuration list for PBXNativeTarget "SpeakableHex" */;
			buildPhases = (
				912438041BD0292500079D48 /* Sources */,
				912438051BD0292500079D48 /* Frameworks */,
				912438061BD0292500079D48 /* CopyFiles */,
			);
			buildRules = (
			);
			dependencies = (
			);
			name = SpeakableHex;
			productName = SpeakableHex;
			productReference = 912438081BD0292500079D48 /* SpeakableHex */;
			productType = "com.apple.product-type.tool";
		};
/* End PBXNativeTarget section */

/* Begin PBXProject section */
		912438001BD0292500079D48 /* Project object */ = {
			isa = PBXProject;
			attributes = {
				LastUpgradeCheck = 0700;
				ORGANIZATIONNAME = "Big Nerd Ranch";
				TargetAttributes = {
					912438071BD0292500079D48 = {
						CreatedOnToolsVersion = 7.0.1;
					};
				};
			};
			buildConfigurationList = 912438031BD0292500079D48 /* Build configuration list for PBXProject "SpeakableHex" */;
			compatibilityVersion = "Xcode 3.2";
			developmentRegion = English;
			hasScannedForEncodings = 0;
			knownRegions = (
				en,
			);
			mainGroup = 912437FF1BD0292500079D48;
			productRefGroup = 912438091BD0292500079D48 /* Products */;
			projectDirPath = "";
			projectRoot = "";
			targets = (
				912438071BD0292500079D48 /* SpeakableHex */,
			);
		};
/* End PBXProject section */

/* Begin PBXSourcesBuildPhase section */
		912438041BD0292500079D48 /* Sources */ = {
			isa = PBXSourcesBuildPhase;
			buildActionMask = 2147483647;
			files = (
				912438141BD0295E00079D48 /* NSData+BNRSpeakableHex.m in Sources */,
				9124380C1BD0292500079D48 /* main.m in Sources */,
			);
			runOnlyForDeploymentPostprocessing = 0;
		};
/* End PBXSourcesBuildPhase section */

/* Begin XCBuildConfiguration section */
		9124380D1BD0292500079D48 /* Debug */ = {
			isa = XCBuildConfiguration;
			buildSettings = {
				ALWAYS_SEARCH_USER_PATHS = NO;
				CLANG_CXX_LANGUAGE_STANDARD = "gnu++0x";
				CLANG_CXX_LIBRARY = "libc++";
				CLANG_ENABLE_MODULES = YES;
				CLANG_ENABLE_OBJC_ARC = YES;
				CLANG_WARN_BOOL_CONVERSION = YES;
				CLANG_WARN_CONSTANT_CONVERSION = YES;
				CLANG_WARN_DIRECT_OBJC_ISA_USAGE = YES_ERROR;
				CLANG_WARN_EMPTY_BODY = YES;
				CLANG_WARN_ENUM_CONVERSION = YES;
				CLANG_WARN_INT_CONVERSION = YES;
				CLANG_WARN_OBJC_ROOT_CLASS = YES_ERROR;
				CLANG_WARN_UNREACHABLE_CODE = YES;
				CLANG_WARN__DUPLICATE_METHOD_MATCH = YES;
				COPY_PHASE_STRIP = NO;
				DEBUG_INFORMATION_FORMAT = dwarf;
				ENABLE_STRICT_OBJC_MSGSEND = YES;
				ENABLE_TESTABILITY = YES;
				GCC_C_LANGUAGE_STANDARD = gnu99;
				GCC_DYNAMIC_NO_PIC = NO;
				GCC_NO_COMMON_BLOCKS = YES;
				GCC_OPTIMIZATION_LEVEL = 0;
				GCC_PREPROCESSOR_DEFINITIONS = (
					"DEBUG=1",
					"$(inherited)",
				);
				GCC_WARN_64_TO_32_BIT_CONVERSION = YES;
				GCC_WARN_ABOUT_RETURN_TYPE = YES_ERROR;
				GCC_WARN_UNDECLARED_SELECTOR = YES;
				GCC_WARN_UNINITIALIZED_AUTOS = YES_AGGRESSIVE;
				GCC_WARN_UNUSED_FUNCTION = YES;
				GCC_WARN_UNUSED_VARIABLE = YES;
				MACOSX_DEPLOYMENT_TARGET = 10.11;
				MTL_ENABLE_DEBUG_INFO = YES;
				ONLY_ACTIVE_ARCH = YES;
				SDKROOT = macosx;
			};
			name = Debug;
		};
		9124380E1BD0292500079D48 /* Release */ = {
			isa = XCBuildConfiguration;
			buildSettings = {
				ALWAYS_SEARCH_USER_PATHS = NO;
				CLANG_CXX_LANGUAGE_STANDARD = "gnu++0x";
				CLANG_CXX_LIBRARY = "libc++";
				CLANG_ENABLE_MODULES = YES;
				CLANG_ENABLE_OBJC_ARC = YES;
				CLANG_WARN_BOOL_CONVERSION = YES;
				CLANG_WARN_CONSTANT_CONVERSION = YES;
				CLANG_WARN_DIRECT_OBJC_ISA_USAGE = YES_ERROR;
				CLANG_WARN_EMPTY_BODY = YES;
				CLANG_WARN_ENUM_CONVERSION = YES;
				CLANG_WARN_INT_CONVERSION = YES;
				CLANG_WARN_OBJC_ROOT_CLASS = YES_ERROR;
				CLANG_WARN_UNREACHABLE_CODE = YES;
				CLANG_WARN__DUPLICATE_METHOD_MATCH = YES;
				COPY_PHASE_STRIP = NO;
				DEBUG_INFORMATION_FORMAT = "dwarf-with-dsym";
				ENABLE_NS_ASSERTIONS = NO;
				ENABLE_STRICT_OBJC_MSGSEND = YES;
				GCC_C_LANGUAGE_STANDARD = gnu99;
				GCC_NO_COMMON_BLOCKS = YES;
				GCC_WARN_64_TO_32_BIT_CONVERSION = YES;
				GCC_WARN_ABOUT_RETURN_TYPE = YES_ERROR;
				GCC_WARN_UNDECLARED_SELECTOR = YES;
				GCC_WARN_UNINITIALIZED_AUTOS = YES_AGGRESSIVE;
				GCC_WARN_UNUSED_FUNCTION = YES;
				GCC_WARN_UNUSED_VARIABLE = YES;
				MACOSX_DEPLOYMENT_TARGET = 10.11;
				MTL_ENABLE_DEBUG_INFO = NO;
				SDKROOT = macosx;
			};
			name = Release;
		};
		912438101BD0292500079D48 /* Debug */ = {
			isa = XCBuildConfiguration;
			buildSettings = {
				PRODUCT_NAME = "$(TARGET_NAME)";
			};
			name = Debug;
		};
		912438111BD0292500079D48 /* Release */ = {
			isa = XCBuildConfiguration;
			buildSettings = {
				PRODUCT_NAME = "$(TARGET_NAME)";
			};
			name = Release;
		};
/* End XCBuildConfiguration section */

/* Begin XCConfigurationList section */
		912438031BD0292500079D48 /* Build configuration list for PBXProject "SpeakableHex" */ = {
			isa = XCConfigurationList;
			buildConfigurations = (
				9124380D1BD0292500079D48 /* Debug */,
				9124380E1BD0292500079D48 /* Release */,
			);
			defaultConfigurationIsVisible = 0;
			defaultConfigurationName = Release;
		};
		9124380F1BD0292500079D48 /* Build configuration list for PBXNativeTarget "SpeakableHex" */ = {
			isa = XCConfigurationList;
			buildConfigurations = (
				912438101BD0292500079D48 /* Debug */,
				912438111BD0292500079D48 /* Release */,
			);
			defaultConfigurationIsVisible = 0;
		};
/* End XCConfigurationList section */
	};
	rootObject = 912438001BD0292500079D48 /* Project object */;
}
